// !$*UTF8*$!
{
	archiveVersion = 1;
	classes = {
	};
	objectVersion = 55;
	objects = {

/* Begin PBXBuildFile section */
		B5FC19F4D8387F8082446DC0 /* Pods_Homework9.framework in Frameworks */ = {isa = PBXBuildFile; fileRef = 23ACB42631448C5EC0E91FFD /* Pods_Homework9.framework */; };
		DA4DB92F28E3A7CF00F7D805 /* RandomSize.swift in Sources */ = {isa = PBXBuildFile; fileRef = DA4DB92E28E3A7CF00F7D805 /* RandomSize.swift */; };
		DA50F10628E1CAC10015AE1B /* RandomColor.swift in Sources */ = {isa = PBXBuildFile; fileRef = DA50F10528E1CAC10015AE1B /* RandomColor.swift */; };
		DAC4340628E1290E00E900E5 /* AppDelegate.swift in Sources */ = {isa = PBXBuildFile; fileRef = DAC4340528E1290E00E900E5 /* AppDelegate.swift */; };
		DAC4340828E1290E00E900E5 /* SceneDelegate.swift in Sources */ = {isa = PBXBuildFile; fileRef = DAC4340728E1290E00E900E5 /* SceneDelegate.swift */; };
		DAC4340A28E1290E00E900E5 /* ViewController.swift in Sources */ = {isa = PBXBuildFile; fileRef = DAC4340928E1290E00E900E5 /* ViewController.swift */; };
		DAC4340D28E1290E00E900E5 /* Main.storyboard in Resources */ = {isa = PBXBuildFile; fileRef = DAC4340B28E1290E00E900E5 /* Main.storyboard */; };
		DAC4340F28E1290F00E900E5 /* Assets.xcassets in Resources */ = {isa = PBXBuildFile; fileRef = DAC4340E28E1290F00E900E5 /* Assets.xcassets */; };
		DAC4341228E1290F00E900E5 /* LaunchScreen.storyboard in Resources */ = {isa = PBXBuildFile; fileRef = DAC4341028E1290F00E900E5 /* LaunchScreen.storyboard */; };
/* End PBXBuildFile section */

/* Begin PBXFileReference section */
		23ACB42631448C5EC0E91FFD /* Pods_Homework9.framework */ = {isa = PBXFileReference; explicitFileType = wrapper.framework; includeInIndex = 0; path = Pods_Homework9.framework; sourceTree = BUILT_PRODUCTS_DIR; };
		634E23DCC7F16E72C8C33E26 /* Pods-Homework9.debug.xcconfig */ = {isa = PBXFileReference; includeInIndex = 1; lastKnownFileType = text.xcconfig; name = "Pods-Homework9.debug.xcconfig"; path = "Target Support Files/Pods-Homework9/Pods-Homework9.debug.xcconfig"; sourceTree = "<group>"; };
		C5AB89B6E65890B3A43418F6 /* Pods-Homework9.release.xcconfig */ = {isa = PBXFileReference; includeInIndex = 1; lastKnownFileType = text.xcconfig; name = "Pods-Homework9.release.xcconfig"; path = "Target Support Files/Pods-Homework9/Pods-Homework9.release.xcconfig"; sourceTree = "<group>"; };
		DA4DB92E28E3A7CF00F7D805 /* RandomSize.swift */ = {isa = PBXFileReference; lastKnownFileType = sourcecode.swift; path = RandomSize.swift; sourceTree = "<group>"; };
		DA50F10528E1CAC10015AE1B /* RandomColor.swift */ = {isa = PBXFileReference; lastKnownFileType = sourcecode.swift; path = RandomColor.swift; sourceTree = "<group>"; };
		DAC4340228E1290E00E900E5 /* Homework9.app */ = {isa = PBXFileReference; explicitFileType = wrapper.application; includeInIndex = 0; path = Homework9.app; sourceTree = BUILT_PRODUCTS_DIR; };
		DAC4340528E1290E00E900E5 /* AppDelegate.swift */ = {isa = PBXFileReference; lastKnownFileType = sourcecode.swift; path = AppDelegate.swift; sourceTree = "<group>"; };
		DAC4340728E1290E00E900E5 /* SceneDelegate.swift */ = {isa = PBXFileReference; lastKnownFileType = sourcecode.swift; path = SceneDelegate.swift; sourceTree = "<group>"; };
		DAC4340928E1290E00E900E5 /* ViewController.swift */ = {isa = PBXFileReference; lastKnownFileType = sourcecode.swift; path = ViewController.swift; sourceTree = "<group>"; };
		DAC4340C28E1290E00E900E5 /* Base */ = {isa = PBXFileReference; lastKnownFileType = file.storyboard; name = Base; path = Base.lproj/Main.storyboard; sourceTree = "<group>"; };
		DAC4340E28E1290F00E900E5 /* Assets.xcassets */ = {isa = PBXFileReference; lastKnownFileType = folder.assetcatalog; path = Assets.xcassets; sourceTree = "<group>"; };
		DAC4341128E1290F00E900E5 /* Base */ = {isa = PBXFileReference; lastKnownFileType = file.storyboard; name = Base; path = Base.lproj/LaunchScreen.storyboard; sourceTree = "<group>"; };
		DAC4341328E1290F00E900E5 /* Info.plist */ = {isa = PBXFileReference; lastKnownFileType = text.plist.xml; path = Info.plist; sourceTree = "<group>"; };
/* End PBXFileReference section */

/* Begin PBXFrameworksBuildPhase section */
		DAC433FF28E1290E00E900E5 /* Frameworks */ = {
			isa = PBXFrameworksBuildPhase;
			buildActionMask = 2147483647;
			files = (
				B5FC19F4D8387F8082446DC0 /* Pods_Homework9.framework in Frameworks */,
			);
			runOnlyForDeploymentPostprocessing = 0;
		};
/* End PBXFrameworksBuildPhase section */

/* Begin PBXGroup section */
		441C55ECDA663E93A5F1C193 /* Frameworks */ = {
			isa = PBXGroup;
			children = (
				23ACB42631448C5EC0E91FFD /* Pods_Homework9.framework */,
			);
			name = Frameworks;
			sourceTree = "<group>";
		};
		8D57DEB84694EB3688F151DC /* Pods */ = {
			isa = PBXGroup;
			children = (
				634E23DCC7F16E72C8C33E26 /* Pods-Homework9.debug.xcconfig */,
				C5AB89B6E65890B3A43418F6 /* Pods-Homework9.release.xcconfig */,
			);
			path = Pods;
			sourceTree = "<group>";
		};
		DAC433F928E1290E00E900E5 = {
			isa = PBXGroup;
			children = (
				DAC4340428E1290E00E900E5 /* Homework9 */,
				DAC4340328E1290E00E900E5 /* Products */,
				8D57DEB84694EB3688F151DC /* Pods */,
				441C55ECDA663E93A5F1C193 /* Frameworks */,
			);
			sourceTree = "<group>";
		};
		DAC4340328E1290E00E900E5 /* Products */ = {
			isa = PBXGroup;
			children = (
				DAC4340228E1290E00E900E5 /* Homework9.app */,
			);
			name = Products;
			sourceTree = "<group>";
		};
		DAC4340428E1290E00E900E5 /* Homework9 */ = {
			isa = PBXGroup;
			children = (
				DAC4340528E1290E00E900E5 /* AppDelegate.swift */,
				DAC4340728E1290E00E900E5 /* SceneDelegate.swift */,
				DAC4340928E1290E00E900E5 /* ViewController.swift */,
				DAC4340B28E1290E00E900E5 /* Main.storyboard */,
				DAC4340E28E1290F00E900E5 /* Assets.xcassets */,
				DAC4341028E1290F00E900E5 /* LaunchScreen.storyboard */,
				DAC4341328E1290F00E900E5 /* Info.plist */,
				DA50F10528E1CAC10015AE1B /* RandomColor.swift */,
				DA4DB92E28E3A7CF00F7D805 /* RandomSize.swift */,
			);
			path = Homework9;
			sourceTree = "<group>";
		};
/* End PBXGroup section */

/* Begin PBXNativeTarget section */
		DAC4340128E1290E00E900E5 /* Homework9 */ = {
			isa = PBXNativeTarget;
			buildConfigurationList = DAC4341628E1290F00E900E5 /* Build configuration list for PBXNativeTarget "Homework9" */;
			buildPhases = (
				2266C0D52037919B94680E45 /* [CP] Check Pods Manifest.lock */,
				DAC433FE28E1290E00E900E5 /* Sources */,
				DAC433FF28E1290E00E900E5 /* Frameworks */,
				DAC4340028E1290E00E900E5 /* Resources */,
				BD9F95900FA7B626C050BE0A /* [CP] Embed Pods Frameworks */,
			);
			buildRules = (
			);
			dependencies = (
			);
			name = Homework9;
			productName = Homework9;
			productReference = DAC4340228E1290E00E900E5 /* Homework9.app */;
			productType = "com.apple.product-type.application";
		};
/* End PBXNativeTarget section */

/* Begin PBXProject section */
		DAC433FA28E1290E00E900E5 /* Project object */ = {
			isa = PBXProject;
			attributes = {
				BuildIndependentTargetsInParallel = 1;
				LastSwiftUpdateCheck = 1340;
				LastUpgradeCheck = 1340;
				TargetAttributes = {
					DAC4340128E1290E00E900E5 = {
						CreatedOnToolsVersion = 13.4.1;
					};
				};
			};
			buildConfigurationList = DAC433FD28E1290E00E900E5 /* Build configuration list for PBXProject "Homework9" */;
			compatibilityVersion = "Xcode 13.0";
			developmentRegion = en;
			hasScannedForEncodings = 0;
			knownRegions = (
				en,
				Base,
			);
			mainGroup = DAC433F928E1290E00E900E5;
			productRefGroup = DAC4340328E1290E00E900E5 /* Products */;
			projectDirPath = "";
			projectRoot = "";
			targets = (
				DAC4340128E1290E00E900E5 /* Homework9 */,
			);
		};
/* End PBXProject section */

/* Begin PBXResourcesBuildPhase section */
		DAC4340028E1290E00E900E5 /* Resources */ = {
			isa = PBXResourcesBuildPhase;
			buildActionMask = 2147483647;
			files = (
				DAC4341228E1290F00E900E5 /* LaunchScreen.storyboard in Resources */,
				DAC4340F28E1290F00E900E5 /* Assets.xcassets in Resources */,
				DAC4340D28E1290E00E900E5 /* Main.storyboard in Resources */,
			);
			runOnlyForDeploymentPostprocessing = 0;
		};
/* End PBXResourcesBuildPhase section */

/* Begin PBXShellScriptBuildPhase section */
		2266C0D52037919B94680E45 /* [CP] Check Pods Manifest.lock */ = {
			isa = PBXShellScriptBuildPhase;
			buildActionMask = 2147483647;
			files = (
			);
			inputFileListPaths = (
			);
			inputPaths = (
				"${PODS_PODFILE_DIR_PATH}/Podfile.lock",
				"${PODS_ROOT}/Manifest.lock",
			);
			name = "[CP] Check Pods Manifest.lock";
			outputFileListPaths = (
			);
			outputPaths = (
				"$(DERIVED_FILE_DIR)/Pods-Homework9-checkManifestLockResult.txt",
			);
			runOnlyForDeploymentPostprocessing = 0;
			shellPath = /bin/sh;
			shellScript = "diff \"${PODS_PODFILE_DIR_PATH}/Podfile.lock\" \"${PODS_ROOT}/Manifest.lock\" > /dev/null\nif [ $? != 0 ] ; then\n    # print error to STDERR\n    echo \"error: The sandbox is not in sync with the Podfile.lock. Run 'pod install' or update your CocoaPods installation.\" >&2\n    exit 1\nfi\n# This output is used by Xcode 'outputs' to avoid re-running this script phase.\necho \"SUCCESS\" > \"${SCRIPT_OUTPUT_FILE_0}\"\n";
			showEnvVarsInLog = 0;
		};
		BD9F95900FA7B626C050BE0A /* [CP] Embed Pods Frameworks */ = {
			isa = PBXShellScriptBuildPhase;
			buildActionMask = 2147483647;
			files = (
			);
			inputFileListPaths = (
				"${PODS_ROOT}/Target Support Files/Pods-Homework9/Pods-Homework9-frameworks-${CONFIGURATION}-input-files.xcfilelist",
			);
			name = "[CP] Embed Pods Frameworks";
			outputFileListPaths = (
				"${PODS_ROOT}/Target Support Files/Pods-Homework9/Pods-Homework9-frameworks-${CONFIGURATION}-output-files.xcfilelist",
			);
			runOnlyForDeploymentPostprocessing = 0;
			shellPath = /bin/sh;
			shellScript = "\"${PODS_ROOT}/Target Support Files/Pods-Homework9/Pods-Homework9-frameworks.sh\"\n";
			showEnvVarsInLog = 0;
		};
/* End PBXShellScriptBuildPhase section */

/* Begin PBXSourcesBuildPhase section */
		DAC433FE28E1290E00E900E5 /* Sources */ = {
			isa = PBXSourcesBuildPhase;
			buildActionMask = 2147483647;
			files = (
				DA50F10628E1CAC10015AE1B /* RandomColor.swift in Sources */,
				DAC4340A28E1290E00E900E5 /* ViewController.swift in Sources */,
				DA4DB92F28E3A7CF00F7D805 /* RandomSize.swift in Sources */,
				DAC4340628E1290E00E900E5 /* AppDelegate.swift in Sources */,
				DAC4340828E1290E00E900E5 /* SceneDelegate.swift in Sources */,
			);
			runOnlyForDeploymentPostprocessing = 0;
		};
/* End PBXSourcesBuildPhase section */

/* Begin PBXVariantGroup section */
		DAC4340B28E1290E00E900E5 /* Main.storyboard */ = {
			isa = PBXVariantGroup;
			children = (
				DAC4340C28E1290E00E900E5 /* Base */,
			);
			name = Main.storyboard;
			sourceTree = "<group>";
		};
		DAC4341028E1290F00E900E5 /* LaunchScreen.storyboard */ = {
			isa = PBXVariantGroup;
			children = (
				DAC4341128E1290F00E900E5 /* Base */,
			);
			name = LaunchScreen.storyboard;
			sourceTree = "<group>";
		};
/* End PBXVariantGroup section */

/* Begin XCBuildConfiguration section */
		DAC4341428E1290F00E900E5 /* Debug */ = {
			isa = XCBuildConfiguration;
			buildSettings = {
				ALWAYS_SEARCH_USER_PATHS = NO;
				CLANG_ANALYZER_NONNULL = YES;
				CLANG_ANALYZER_NUMBER_OBJECT_CONVERSION = YES_AGGRESSIVE;
				CLANG_CXX_LANGUAGE_STANDARD = "gnu++17";
				CLANG_ENABLE_MODULES = YES;
				CLANG_ENABLE_OBJC_ARC = YES;
				CLANG_ENABLE_OBJC_WEAK = YES;
				CLANG_WARN_BLOCK_CAPTURE_AUTORELEASING = YES;
				CLANG_WARN_BOOL_CONVERSION = YES;
				CLANG_WARN_COMMA = YES;
				CLANG_WARN_CONSTANT_CONVERSION = YES;
				CLANG_WARN_DEPRECATED_OBJC_IMPLEMENTATIONS = YES;
				CLANG_WARN_DIRECT_OBJC_ISA_USAGE = YES_ERROR;
				CLANG_WARN_DOCUMENTATION_COMMENTS = YES;
				CLANG_WARN_EMPTY_BODY = YES;
				CLANG_WARN_ENUM_CONVERSION = YES;
				CLANG_WARN_INFINITE_RECURSION = YES;
				CLANG_WARN_INT_CONVERSION = YES;
				CLANG_WARN_NON_LITERAL_NULL_CONVERSION = YES;
				CLANG_WARN_OBJC_IMPLICIT_RETAIN_SELF = YES;
				CLANG_WARN_OBJC_LITERAL_CONVERSION = YES;
				CLANG_WARN_OBJC_ROOT_CLASS = YES_ERROR;
				CLANG_WARN_QUOTED_INCLUDE_IN_FRAMEWORK_HEADER = YES;
				CLANG_WARN_RANGE_LOOP_ANALYSIS = YES;
				CLANG_WARN_STRICT_PROTOTYPES = YES;
				CLANG_WARN_SUSPICIOUS_MOVE = YES;
				CLANG_WARN_UNGUARDED_AVAILABILITY = YES_AGGRESSIVE;
				CLANG_WARN_UNREACHABLE_CODE = YES;
				CLANG_WARN__DUPLICATE_METHOD_MATCH = YES;
				COPY_PHASE_STRIP = NO;
				DEBUG_INFORMATION_FORMAT = dwarf;
				ENABLE_STRICT_OBJC_MSGSEND = YES;
				ENABLE_TESTABILITY = YES;
				GCC_C_LANGUAGE_STANDARD = gnu11;
				GCC_DYNAMIC_NO_PIC = NO;
				GCC_NO_COMMON_BLOCKS = YES;
				GCC_OPTIMIZATION_LEVEL = 0;
				GCC_PREPROCESSOR_DEFINITIONS = (
					"DEBUG=1",
					"$(inherited)",
				);
				GCC_WARN_64_TO_32_BIT_CONVERSION = YES;
				GCC_WARN_ABOUT_RETURN_TYPE = YES_ERROR;
				GCC_WARN_UNDECLARED_SELECTOR = YES;
				GCC_WARN_UNINITIALIZED_AUTOS = YES_AGGRESSIVE;
				GCC_WARN_UNUSED_FUNCTION = YES;
				GCC_WARN_UNUSED_VARIABLE = YES;
				IPHONEOS_DEPLOYMENT_TARGET = 15.5;
				MTL_ENABLE_DEBUG_INFO = INCLUDE_SOURCE;
				MTL_FAST_MATH = YES;
				ONLY_ACTIVE_ARCH = YES;
				SDKROOT = iphoneos;
				SWIFT_ACTIVE_COMPILATION_CONDITIONS = DEBUG;
				SWIFT_OPTIMIZATION_LEVEL = "-Onone";
			};
			name = Debug;
		};
		DAC4341528E1290F00E900E5 /* Release */ = {
			isa = XCBuildConfiguration;
			buildSettings = {
				ALWAYS_SEARCH_USER_PATHS = NO;
				CLANG_ANALYZER_NONNULL = YES;
				CLANG_ANALYZER_NUMBER_OBJECT_CONVERSION = YES_AGGRESSIVE;
				CLANG_CXX_LANGUAGE_STANDARD = "gnu++17";
				CLANG_ENABLE_MODULES = YES;
				CLANG_ENABLE_OBJC_ARC = YES;
				CLANG_ENABLE_OBJC_WEAK = YES;
				CLANG_WARN_BLOCK_CAPTURE_AUTORELEASING = YES;
				CLANG_WARN_BOOL_CONVERSION = YES;
				CLANG_WARN_COMMA = YES;
				CLANG_WARN_CONSTANT_CONVERSION = YES;
				CLANG_WARN_DEPRECATED_OBJC_IMPLEMENTATIONS = YES;
				CLANG_WARN_DIRECT_OBJC_ISA_USAGE = YES_ERROR;
				CLANG_WARN_DOCUMENTATION_COMMENTS = YES;
				CLANG_WARN_EMPTY_BODY = YES;
				CLANG_WARN_ENUM_CONVERSION = YES;
				CLANG_WARN_INFINITE_RECURSION = YES;
				CLANG_WARN_INT_CONVERSION = YES;
				CLANG_WARN_NON_LITERAL_NULL_CONVERSION = YES;
				CLANG_WARN_OBJC_IMPLICIT_RETAIN_SELF = YES;
				CLANG_WARN_OBJC_LITERAL_CONVERSION = YES;
				CLANG_WARN_OBJC_ROOT_CLASS = YES_ERROR;
				CLANG_WARN_QUOTED_INCLUDE_IN_FRAMEWORK_HEADER = YES;
				CLANG_WARN_RANGE_LOOP_ANALYSIS = YES;
				CLANG_WARN_STRICT_PROTOTYPES = YES;
				CLANG_WARN_SUSPICIOUS_MOVE = YES;
				CLANG_WARN_UNGUARDED_AVAILABILITY = YES_AGGRESSIVE;
				CLANG_WARN_UNREACHABLE_CODE = YES;
				CLANG_WARN__DUPLICATE_METHOD_MATCH = YES;
				COPY_PHASE_STRIP = NO;
				DEBUG_INFORMATION_FORMAT = "dwarf-with-dsym";
				ENABLE_NS_ASSERTIONS = NO;
				ENABLE_STRICT_OBJC_MSGSEND = YES;
				GCC_C_LANGUAGE_STANDARD = gnu11;
				GCC_NO_COMMON_BLOCKS = YES;
				GCC_WARN_64_TO_32_BIT_CONVERSION = YES;
				GCC_WARN_ABOUT_RETURN_TYPE = YES_ERROR;
				GCC_WARN_UNDECLARED_SELECTOR = YES;
				GCC_WARN_UNINITIALIZED_AUTOS = YES_AGGRESSIVE;
				GCC_WARN_UNUSED_FUNCTION = YES;
				GCC_WARN_UNUSED_VARIABLE = YES;
				IPHONEOS_DEPLOYMENT_TARGET = 15.5;
				MTL_ENABLE_DEBUG_INFO = NO;
				MTL_FAST_MATH = YES;
				SDKROOT = iphoneos;
				SWIFT_COMPILATION_MODE = wholemodule;
				SWIFT_OPTIMIZATION_LEVEL = "-O";
				VALIDATE_PRODUCT = YES;
			};
			name = Release;
		};
		DAC4341728E1290F00E900E5 /* Debug */ = {
			isa = XCBuildConfiguration;
			baseConfigurationReference = 634E23DCC7F16E72C8C33E26 /* Pods-Homework9.debug.xcconfig */;
			buildSettings = {
				ASSETCATALOG_COMPILER_APPICON_NAME = AppIcon;
				ASSETCATALOG_COMPILER_GLOBAL_ACCENT_COLOR_NAME = AccentColor;
				CODE_SIGN_STYLE = Automatic;
				CURRENT_PROJECT_VERSION = 1;
				DEVELOPMENT_TEAM = 534R485N9F;
				GENERATE_INFOPLIST_FILE = YES;
				INFOPLIST_FILE = Homework9/Info.plist;
				INFOPLIST_KEY_UIApplicationSupportsIndirectInputEvents = YES;
				INFOPLIST_KEY_UILaunchStoryboardName = LaunchScreen;
				INFOPLIST_KEY_UIMainStoryboardFile = Main;
				INFOPLIST_KEY_UISupportedInterfaceOrientations_iPad = "UIInterfaceOrientationPortrait UIInterfaceOrientationPortraitUpsideDown UIInterfaceOrientationLandscapeLeft UIInterfaceOrientationLandscapeRight";
				INFOPLIST_KEY_UISupportedInterfaceOrientations_iPhone = "UIInterfaceOrientationPortrait UIInterfaceOrientationLandscapeLeft UIInterfaceOrientationLandscapeRight";
				LD_RUNPATH_SEARCH_PATHS = (
					"$(inherited)",
					"@executable_path/Frameworks",
				);
				MARKETING_VERSION = 1.0;
				PRODUCT_BUNDLE_IDENTIFIER = com.Litvishko.Homework9;
				PRODUCT_NAME = "$(TARGET_NAME)";
				SWIFT_EMIT_LOC_STRINGS = YES;
				SWIFT_VERSION = 5.0;
				TARGETED_DEVICE_FAMILY = "1,2";
			};
			name = Debug;
		};
		DAC4341828E1290F00E900E5 /* Release */ = {
			isa = XCBuildConfiguration;
			baseConfigurationReference = C5AB89B6E65890B3A43418F6 /* Pods-Homework9.release.xcconfig */;
			buildSettings = {
				ASSETCATALOG_COMPILER_APPICON_NAME = AppIcon;
				ASSETCATALOG_COMPILER_GLOBAL_ACCENT_COLOR_NAME = AccentColor;
				CODE_SIGN_STYLE = Automatic;
				CURRENT_PROJECT_VERSION = 1;
				DEVELOPMENT_TEAM = 534R485N9F;
				GENERATE_INFOPLIST_FILE = YES;
				INFOPLIST_FILE = Homework9/Info.plist;
				INFOPLIST_KEY_UIApplicationSupportsIndirectInputEvents = YES;
				INFOPLIST_KEY_UILaunchStoryboardName = LaunchScreen;
				INFOPLIST_KEY_UIMainStoryboardFile = Main;
				INFOPLIST_KEY_UISupportedInterfaceOrientations_iPad = "UIInterfaceOrientationPortrait UIInterfaceOrientationPortraitUpsideDown UIInterfaceOrientationLandscapeLeft UIInterfaceOrientationLandscapeRight";
				INFOPLIST_KEY_UISupportedInterfaceOrientations_iPhone = "UIInterfaceOrientationPortrait UIInterfaceOrientationLandscapeLeft UIInterfaceOrientationLandscapeRight";
				LD_RUNPATH_SEARCH_PATHS = (
					"$(inherited)",
					"@executable_path/Frameworks",
				);
				MARKETING_VERSION = 1.0;
				PRODUCT_BUNDLE_IDENTIFIER = com.Litvishko.Homework9;
				PRODUCT_NAME = "$(TARGET_NAME)";
				SWIFT_EMIT_LOC_STRINGS = YES;
				SWIFT_VERSION = 5.0;
				TARGETED_DEVICE_FAMILY = "1,2";
			};
			name = Release;
		};
/* End XCBuildConfiguration section */

/* Begin XCConfigurationList section */
		DAC433FD28E1290E00E900E5 /* Build configuration list for PBXProject "Homework9" */ = {
			isa = XCConfigurationList;
			buildConfigurations = (
				DAC4341428E1290F00E900E5 /* Debug */,
				DAC4341528E1290F00E900E5 /* Release */,
			);
			defaultConfigurationIsVisible = 0;
			defaultConfigurationName = Release;
		};
		DAC4341628E1290F00E900E5 /* Build configuration list for PBXNativeTarget "Homework9" */ = {
			isa = XCConfigurationList;
			buildConfigurations = (
				DAC4341728E1290F00E900E5 /* Debug */,
				DAC4341828E1290F00E900E5 /* Release */,
			);
			defaultConfigurationIsVisible = 0;
			defaultConfigurationName = Release;
		};
/* End XCConfigurationList section */
	};
	rootObject = DAC433FA28E1290E00E900E5 /* Project object */;
}
